// !$*UTF8*$!
{
	archiveVersion = 1;
	classes = {
	};
	objectVersion = 46;
	objects = {

/* Begin PBXBuildFile section */
		1F4B51901D2E845F00304E0F /* CustomCircle.m in Sources */ = {isa = PBXBuildFile; fileRef = 1F4B518F1D2E845F00304E0F /* CustomCircle.m */; };
		1F4B51921D2E8A7B00304E0F /* tiantiansifangmao-04.png in Resources */ = {isa = PBXBuildFile; fileRef = 1F4B51911D2E8A7B00304E0F /* tiantiansifangmao-04.png */; };
		1F4B51941D2E940700304E0F /* 9.jpg in Resources */ = {isa = PBXBuildFile; fileRef = 1F4B51931D2E940700304E0F /* 9.jpg */; };
		1F4B519A1D2E9E2100304E0F /* LoginController.m in Sources */ = {isa = PBXBuildFile; fileRef = 1F4B51991D2E9E2100304E0F /* LoginController.m */; };
		1FAF36201D295A0300E9F848 /* joker.jpg in Resources */ = {isa = PBXBuildFile; fileRef = 1FAF361F1D295A0300E9F848 /* joker.jpg */; };
		1FAF36221D295BEE00E9F848 /* tiantiansifangmao-03.png in Resources */ = {isa = PBXBuildFile; fileRef = 1FAF36211D295BEE00E9F848 /* tiantiansifangmao-03.png */; };
		1FAF36251D295C6700E9F848 /* tiantiansifangmao-10.png in Resources */ = {isa = PBXBuildFile; fileRef = 1FAF36231D295C6700E9F848 /* tiantiansifangmao-10.png */; };
		1FAF36261D295C6700E9F848 /* tiantiansifangmao-11.png in Resources */ = {isa = PBXBuildFile; fileRef = 1FAF36241D295C6700E9F848 /* tiantiansifangmao-11.png */; };
		1FAF36281D295D5A00E9F848 /* zen-icons-pen.png in Resources */ = {isa = PBXBuildFile; fileRef = 1FAF36271D295D5A00E9F848 /* zen-icons-pen.png */; };
		1FE076561D218143004BEDA3 /* main.m in Sources */ = {isa = PBXBuildFile; fileRef = 1FE076551D218143004BEDA3 /* main.m */; };
		1FE076591D218143004BEDA3 /* AppDelegate.m in Sources */ = {isa = PBXBuildFile; fileRef = 1FE076581D218143004BEDA3 /* AppDelegate.m */; };
		1FE0765C1D218143004BEDA3 /* fengkuangIOS1.xcdatamodeld in Sources */ = {isa = PBXBuildFile; fileRef = 1FE0765A1D218143004BEDA3 /* fengkuangIOS1.xcdatamodeld */; };
		1FE0765F1D218143004BEDA3 /* ViewController.m in Sources */ = {isa = PBXBuildFile; fileRef = 1FE0765E1D218143004BEDA3 /* ViewController.m */; };
		1FE076621D218143004BEDA3 /* Main.storyboard in Resources */ = {isa = PBXBuildFile; fileRef = 1FE076601D218143004BEDA3 /* Main.storyboard */; };
		1FE076641D218143004BEDA3 /* Images.xcassets in Resources */ = {isa = PBXBuildFile; fileRef = 1FE076631D218143004BEDA3 /* Images.xcassets */; };
		1FE076671D218143004BEDA3 /* LaunchScreen.xib in Resources */ = {isa = PBXBuildFile; fileRef = 1FE076651D218143004BEDA3 /* LaunchScreen.xib */; };
		1FE076731D218143004BEDA3 /* fengkuangIOS1Tests.m in Sources */ = {isa = PBXBuildFile; fileRef = 1FE076721D218143004BEDA3 /* fengkuangIOS1Tests.m */; };
/* End PBXBuildFile section */

/* Begin PBXContainerItemProxy section */
		1FE0766D1D218143004BEDA3 /* PBXContainerItemProxy */ = {
			isa = PBXContainerItemProxy;
			containerPortal = 1FE076481D218143004BEDA3 /* Project object */;
			proxyType = 1;
			remoteGlobalIDString = 1FE0764F1D218143004BEDA3;
			remoteInfo = fengkuangIOS1;
		};
/* End PBXContainerItemProxy section */

/* Begin PBXFileReference section */
		1F4B518E1D2E845F00304E0F /* CustomCircle.h */ = {isa = PBXFileReference; fileEncoding = 4; lastKnownFileType = sourcecode.c.h; path = CustomCircle.h; sourceTree = "<group>"; };
		1F4B518F1D2E845F00304E0F /* CustomCircle.m */ = {isa = PBXFileReference; fileEncoding = 4; lastKnownFileType = sourcecode.c.objc; path = CustomCircle.m; sourceTree = "<group>"; };
		1F4B51911D2E8A7B00304E0F /* tiantiansifangmao-04.png */ = {isa = PBXFileReference; lastKnownFileType = image.png; path = "tiantiansifangmao-04.png"; sourceTree = "<group>"; };
		1F4B51931D2E940700304E0F /* 9.jpg */ = {isa = PBXFileReference; lastKnownFileType = image.jpeg; path = 9.jpg; sourceTree = "<group>"; };
		1F4B51981D2E9E2100304E0F /* LoginController.h */ = {isa = PBXFileReference; fileEncoding = 4; lastKnownFileType = sourcecode.c.h; path = LoginController.h; sourceTree = "<group>"; };
		1F4B51991D2E9E2100304E0F /* LoginController.m */ = {isa = PBXFileReference; fileEncoding = 4; lastKnownFileType = sourcecode.c.objc; path = LoginController.m; sourceTree = "<group>"; };
		1FAF361F1D295A0300E9F848 /* joker.jpg */ = {isa = PBXFileReference; lastKnownFileType = image.jpeg; path = joker.jpg; sourceTree = "<group>"; };
		1FAF36211D295BEE00E9F848 /* tiantiansifangmao-03.png */ = {isa = PBXFileReference; lastKnownFileType = image.png; path = "tiantiansifangmao-03.png"; sourceTree = "<group>"; };
		1FAF36231D295C6700E9F848 /* tiantiansifangmao-10.png */ = {isa = PBXFileReference; lastKnownFileType = image.png; path = "tiantiansifangmao-10.png"; sourceTree = "<group>"; };
		1FAF36241D295C6700E9F848 /* tiantiansifangmao-11.png */ = {isa = PBXFileReference; lastKnownFileType = image.png; path = "tiantiansifangmao-11.png"; sourceTree = "<group>"; };
		1FAF36271D295D5A00E9F848 /* zen-icons-pen.png */ = {isa = PBXFileReference; lastKnownFileType = image.png; path = "zen-icons-pen.png"; sourceTree = "<group>"; };
		1FE076501D218143004BEDA3 /* fengkuangIOS1.app */ = {isa = PBXFileReference; explicitFileType = wrapper.application; includeInIndex = 0; path = fengkuangIOS1.app; sourceTree = BUILT_PRODUCTS_DIR; };
		1FE076541D218143004BEDA3 /* Info.plist */ = {isa = PBXFileReference; lastKnownFileType = text.plist.xml; path = Info.plist; sourceTree = "<group>"; };
		1FE076551D218143004BEDA3 /* main.m */ = {isa = PBXFileReference; lastKnownFileType = sourcecode.c.objc; path = main.m; sourceTree = "<group>"; };
		1FE076571D218143004BEDA3 /* AppDelegate.h */ = {isa = PBXFileReference; lastKnownFileType = sourcecode.c.h; path = AppDelegate.h; sourceTree = "<group>"; };
		1FE076581D218143004BEDA3 /* AppDelegate.m */ = {isa = PBXFileReference; lastKnownFileType = sourcecode.c.objc; path = AppDelegate.m; sourceTree = "<group>"; };
		1FE0765B1D218143004BEDA3 /* fengkuangIOS1.xcdatamodel */ = {isa = PBXFileReference; lastKnownFileType = wrapper.xcdatamodel; path = fengkuangIOS1.xcdatamodel; sourceTree = "<group>"; };
		1FE0765D1D218143004BEDA3 /* ViewController.h */ = {isa = PBXFileReference; lastKnownFileType = sourcecode.c.h; path = ViewController.h; sourceTree = "<group>"; };
		1FE0765E1D218143004BEDA3 /* ViewController.m */ = {isa = PBXFileReference; lastKnownFileType = sourcecode.c.objc; path = ViewController.m; sourceTree = "<group>"; };
		1FE076611D218143004BEDA3 /* Base */ = {isa = PBXFileReference; lastKnownFileType = file.storyboard; name = Base; path = Base.lproj/Main.storyboard; sourceTree = "<group>"; };
		1FE076631D218143004BEDA3 /* Images.xcassets */ = {isa = PBXFileReference; lastKnownFileType = folder.assetcatalog; path = Images.xcassets; sourceTree = "<group>"; };
		1FE076661D218143004BEDA3 /* Base */ = {isa = PBXFileReference; lastKnownFileType = file.xib; name = Base; path = Base.lproj/LaunchScreen.xib; sourceTree = "<group>"; };
		1FE0766C1D218143004BEDA3 /* fengkuangIOS1Tests.xctest */ = {isa = PBXFileReference; explicitFileType = wrapper.cfbundle; includeInIndex = 0; path = fengkuangIOS1Tests.xctest; sourceTree = BUILT_PRODUCTS_DIR; };
		1FE076711D218143004BEDA3 /* Info.plist */ = {isa = PBXFileReference; lastKnownFileType = text.plist.xml; path = Info.plist; sourceTree = "<group>"; };
		1FE076721D218143004BEDA3 /* fengkuangIOS1Tests.m */ = {isa = PBXFileReference; lastKnownFileType = sourcecode.c.objc; path = fengkuangIOS1Tests.m; sourceTree = "<group>"; };
/* End PBXFileReference section */

/* Begin PBXFrameworksBuildPhase section */
		1FE0764D1D218143004BEDA3 /* Frameworks */ = {
			isa = PBXFrameworksBuildPhase;
			buildActionMask = 2147483647;
			files = (
			);
			runOnlyForDeploymentPostprocessing = 0;
		};
		1FE076691D218143004BEDA3 /* Frameworks */ = {
			isa = PBXFrameworksBuildPhase;
			buildActionMask = 2147483647;
			files = (
			);
			runOnlyForDeploymentPostprocessing = 0;
		};
/* End PBXFrameworksBuildPhase section */

/* Begin PBXGroup section */
		1FE076471D218143004BEDA3 = {
			isa = PBXGroup;
			children = (
				1FE076521D218143004BEDA3 /* fengkuangIOS1 */,
				1FE0766F1D218143004BEDA3 /* fengkuangIOS1Tests */,
				1FE076511D218143004BEDA3 /* Products */,
			);
			sourceTree = "<group>";
		};
		1FE076511D218143004BEDA3 /* Products */ = {
			isa = PBXGroup;
			children = (
				1FE076501D218143004BEDA3 /* fengkuangIOS1.app */,
				1FE0766C1D218143004BEDA3 /* fengkuangIOS1Tests.xctest */,
			);
			name = Products;
			sourceTree = "<group>";
		};
		1FE076521D218143004BEDA3 /* fengkuangIOS1 */ = {
			isa = PBXGroup;
			children = (
				1FE076571D218143004BEDA3 /* AppDelegate.h */,
				1FE076581D218143004BEDA3 /* AppDelegate.m */,
				1FE0765D1D218143004BEDA3 /* ViewController.h */,
				1FE0765E1D218143004BEDA3 /* ViewController.m */,
				1FE076601D218143004BEDA3 /* Main.storyboard */,
				1F4B518E1D2E845F00304E0F /* CustomCircle.h */,
				1F4B518F1D2E845F00304E0F /* CustomCircle.m */,
				1FE076631D218143004BEDA3 /* Images.xcassets */,
				1F4B51911D2E8A7B00304E0F /* tiantiansifangmao-04.png */,
				1FE076651D218143004BEDA3 /* LaunchScreen.xib */,
				1FE0765A1D218143004BEDA3 /* fengkuangIOS1.xcdatamodeld */,
				1FE076531D218143004BEDA3 /* Supporting Files */,
				1F4B51981D2E9E2100304E0F /* LoginController.h */,
				1F4B51991D2E9E2100304E0F /* LoginController.m */,
			);
			path = fengkuangIOS1;
			sourceTree = "<group>";
		};
		1FE076531D218143004BEDA3 /* Supporting Files */ = {
			isa = PBXGroup;
			children = (
				1F4B51931D2E940700304E0F /* 9.jpg */,
				1FAF36271D295D5A00E9F848 /* zen-icons-pen.png */,
				1FAF36231D295C6700E9F848 /* tiantiansifangmao-10.png */,
				1FAF36241D295C6700E9F848 /* tiantiansifangmao-11.png */,
				1FAF36211D295BEE00E9F848 /* tiantiansifangmao-03.png */,
				1FAF361F1D295A0300E9F848 /* joker.jpg */,
				1FE076541D218143004BEDA3 /* Info.plist */,
				1FE076551D218143004BEDA3 /* main.m */,
			);
			name = "Supporting Files";
			sourceTree = "<group>";
		};
		1FE0766F1D218143004BEDA3 /* fengkuangIOS1Tests */ = {
			isa = PBXGroup;
			children = (
				1FE076721D218143004BEDA3 /* fengkuangIOS1Tests.m */,
				1FE076701D218143004BEDA3 /* Supporting Files */,
			);
			path = fengkuangIOS1Tests;
			sourceTree = "<group>";
		};
		1FE076701D218143004BEDA3 /* Supporting Files */ = {
			isa = PBXGroup;
			children = (
				1FE076711D218143004BEDA3 /* Info.plist */,
			);
			name = "Supporting Files";
			sourceTree = "<group>";
		};
/* End PBXGroup section */

/* Begin PBXNativeTarget section */
		1FE0764F1D218143004BEDA3 /* fengkuangIOS1 */ = {
			isa = PBXNativeTarget;
			buildConfigurationList = 1FE076761D218143004BEDA3 /* Build configuration list for PBXNativeTarget "fengkuangIOS1" */;
			buildPhases = (
				1FE0764C1D218143004BEDA3 /* Sources */,
				1FE0764D1D218143004BEDA3 /* Frameworks */,
				1FE0764E1D218143004BEDA3 /* Resources */,
			);
			buildRules = (
			);
			dependencies = (
			);
			name = fengkuangIOS1;
			productName = fengkuangIOS1;
			productReference = 1FE076501D218143004BEDA3 /* fengkuangIOS1.app */;
			productType = "com.apple.product-type.application";
		};
		1FE0766B1D218143004BEDA3 /* fengkuangIOS1Tests */ = {
			isa = PBXNativeTarget;
			buildConfigurationList = 1FE076791D218143004BEDA3 /* Build configuration list for PBXNativeTarget "fengkuangIOS1Tests" */;
			buildPhases = (
				1FE076681D218143004BEDA3 /* Sources */,
				1FE076691D218143004BEDA3 /* Frameworks */,
				1FE0766A1D218143004BEDA3 /* Resources */,
			);
			buildRules = (
			);
			dependencies = (
				1FE0766E1D218143004BEDA3 /* PBXTargetDependency */,
			);
			name = fengkuangIOS1Tests;
			productName = fengkuangIOS1Tests;
			productReference = 1FE0766C1D218143004BEDA3 /* fengkuangIOS1Tests.xctest */;
			productType = "com.apple.product-type.bundle.unit-test";
		};
/* End PBXNativeTarget section */

/* Begin PBXProject section */
		1FE076481D218143004BEDA3 /* Project object */ = {
			isa = PBXProject;
			attributes = {
				LastUpgradeCheck = 0640;
				ORGANIZATIONNAME = SBYZJ;
				TargetAttributes = {
					1FE0764F1D218143004BEDA3 = {
						CreatedOnToolsVersion = 6.4;
					};
					1FE0766B1D218143004BEDA3 = {
						CreatedOnToolsVersion = 6.4;
						TestTargetID = 1FE0764F1D218143004BEDA3;
					};
				};
			};
			buildConfigurationList = 1FE0764B1D218143004BEDA3 /* Build configuration list for PBXProject "fengkuangIOS1" */;
			compatibilityVersion = "Xcode 3.2";
			developmentRegion = English;
			hasScannedForEncodings = 0;
			knownRegions = (
				en,
				Base,
			);
			mainGroup = 1FE076471D218143004BEDA3;
			productRefGroup = 1FE076511D218143004BEDA3 /* Products */;
			projectDirPath = "";
			projectRoot = "";
			targets = (
				1FE0764F1D218143004BEDA3 /* fengkuangIOS1 */,
				1FE0766B1D218143004BEDA3 /* fengkuangIOS1Tests */,
			);
		};
/* End PBXProject section */

/* Begin PBXResourcesBuildPhase section */
		1FE0764E1D218143004BEDA3 /* Resources */ = {
			isa = PBXResourcesBuildPhase;
			buildActionMask = 2147483647;
			files = (
				1FE076621D218143004BEDA3 /* Main.storyboard in Resources */,
				1FAF36221D295BEE00E9F848 /* tiantiansifangmao-03.png in Resources */,
				1FAF36281D295D5A00E9F848 /* zen-icons-pen.png in Resources */,
				1F4B51941D2E940700304E0F /* 9.jpg in Resources */,
				1FE076671D218143004BEDA3 /* LaunchScreen.xib in Resources */,
				1F4B51921D2E8A7B00304E0F /* tiantiansifangmao-04.png in Resources */,
				1FE076641D218143004BEDA3 /* Images.xcassets in Resources */,
				1FAF36251D295C6700E9F848 /* tiantiansifangmao-10.png in Resources */,
				1FAF36261D295C6700E9F848 /* tiantiansifangmao-11.png in Resources */,
				1FAF36201D295A0300E9F848 /* joker.jpg in Resources */,
			);
			runOnlyForDeploymentPostprocessing = 0;
		};
		1FE0766A1D218143004BEDA3 /* Resources */ = {
			isa = PBXResourcesBuildPhase;
			buildActionMask = 2147483647;
			files = (
			);
			runOnlyForDeploymentPostprocessing = 0;
		};
/* End PBXResourcesBuildPhase section */

/* Begin PBXSourcesBuildPhase section */
		1FE0764C1D218143004BEDA3 /* Sources */ = {
			isa = PBXSourcesBuildPhase;
			buildActionMask = 2147483647;
			files = (
				1F4B51901D2E845F00304E0F /* CustomCircle.m in Sources */,
				1FE076591D218143004BEDA3 /* AppDelegate.m in Sources */,
				1FE0765C1D218143004BEDA3 /* fengkuangIOS1.xcdatamodeld in Sources */,
				1FE0765F1D218143004BEDA3 /* ViewController.m in Sources */,
				1FE076561D218143004BEDA3 /* main.m in Sources */,
				1F4B519A1D2E9E2100304E0F /* LoginController.m in Sources */,
			);
			runOnlyForDeploymentPostprocessing = 0;
		};
		1FE076681D218143004BEDA3 /* Sources */ = {
			isa = PBXSourcesBuildPhase;
			buildActionMask = 2147483647;
			files = (
				1FE076731D218143004BEDA3 /* fengkuangIOS1Tests.m in Sources */,
			);
			runOnlyForDeploymentPostprocessing = 0;
		};
/* End PBXSourcesBuildPhase section */

/* Begin PBXTargetDependency section */
		1FE0766E1D218143004BEDA3 /* PBXTargetDependency */ = {
			isa = PBXTargetDependency;
			target = 1FE0764F1D218143004BEDA3 /* fengkuangIOS1 */;
			targetProxy = 1FE0766D1D218143004BEDA3 /* PBXContainerItemProxy */;
		};
/* End PBXTargetDependency section */

/* Begin PBXVariantGroup section */
		1FE076601D218143004BEDA3 /* Main.storyboard */ = {
			isa = PBXVariantGroup;
			children = (
				1FE076611D218143004BEDA3 /* Base */,
			);
			name = Main.storyboard;
			sourceTree = "<group>";
		};
		1FE076651D218143004BEDA3 /* LaunchScreen.xib */ = {
			isa = PBXVariantGroup;
			children = (
				1FE076661D218143004BEDA3 /* Base */,
			);
			name = LaunchScreen.xib;
			sourceTree = "<group>";
		};
/* End PBXVariantGroup section */

/* Begin XCBuildConfiguration section */
		1FE076741D218143004BEDA3 /* Debug */ = {
			isa = XCBuildConfiguration;
			buildSettings = {
				ALWAYS_SEARCH_USER_PATHS = NO;
				CLANG_CXX_LANGUAGE_STANDARD = "gnu++0x";
				CLANG_CXX_LIBRARY = "libc++";
				CLANG_ENABLE_MODULES = YES;
				CLANG_ENABLE_OBJC_ARC = YES;
				CLANG_WARN_BOOL_CONVERSION = YES;
				CLANG_WARN_CONSTANT_CONVERSION = YES;
				CLANG_WARN_DIRECT_OBJC_ISA_USAGE = YES_ERROR;
				CLANG_WARN_EMPTY_BODY = YES;
				CLANG_WARN_ENUM_CONVERSION = YES;
				CLANG_WARN_INT_CONVERSION = YES;
				CLANG_WARN_OBJC_ROOT_CLASS = YES_ERROR;
				CLANG_WARN_UNREACHABLE_CODE = YES;
				CLANG_WARN__DUPLICATE_METHOD_MATCH = YES;
				"CODE_SIGN_IDENTITY[sdk=iphoneos*]" = "iPhone Developer";
				COPY_PHASE_STRIP = NO;
				DEBUG_INFORMATION_FORMAT = "dwarf-with-dsym";
				ENABLE_STRICT_OBJC_MSGSEND = YES;
				GCC_C_LANGUAGE_STANDARD = gnu99;
				GCC_DYNAMIC_NO_PIC = NO;
				GCC_NO_COMMON_BLOCKS = YES;
				GCC_OPTIMIZATION_LEVEL = 0;
				GCC_PREPROCESSOR_DEFINITIONS = (
					"DEBUG=1",
					"$(inherited)",
				);
				GCC_SYMBOLS_PRIVATE_EXTERN = NO;
				GCC_WARN_64_TO_32_BIT_CONVERSION = YES;
				GCC_WARN_ABOUT_RETURN_TYPE = YES_ERROR;
				GCC_WARN_UNDECLARED_SELECTOR = YES;
				GCC_WARN_UNINITIALIZED_AUTOS = YES_AGGRESSIVE;
				GCC_WARN_UNUSED_FUNCTION = YES;
				GCC_WARN_UNUSED_VARIABLE = YES;
				IPHONEOS_DEPLOYMENT_TARGET = 8.4;
				MTL_ENABLE_DEBUG_INFO = YES;
				ONLY_ACTIVE_ARCH = YES;
				SDKROOT = iphoneos;
			};
			name = Debug;
		};
		1FE076751D218143004BEDA3 /* Release */ = {
			isa = XCBuildConfiguration;
			buildSettings = {
				ALWAYS_SEARCH_USER_PATHS = NO;
				CLANG_CXX_LANGUAGE_STANDARD = "gnu++0x";
				CLANG_CXX_LIBRARY = "libc++";
				CLANG_ENABLE_MODULES = YES;
				CLANG_ENABLE_OBJC_ARC = YES;
				CLANG_WARN_BOOL_CONVERSION = YES;
				CLANG_WARN_CONSTANT_CONVERSION = YES;
				CLANG_WARN_DIRECT_OBJC_ISA_USAGE = YES_ERROR;
				CLANG_WARN_EMPTY_BODY = YES;
				CLANG_WARN_ENUM_CONVERSION = YES;
				CLANG_WARN_INT_CONVERSION = YES;
				CLANG_WARN_OBJC_ROOT_CLASS = YES_ERROR;
				CLANG_WARN_UNREACHABLE_CODE = YES;
				CLANG_WARN__DUPLICATE_METHOD_MATCH = YES;
				"CODE_SIGN_IDENTITY[sdk=iphoneos*]" = "iPhone Developer";
				COPY_PHASE_STRIP = NO;
				DEBUG_INFORMATION_FORMAT = "dwarf-with-dsym";
				ENABLE_NS_ASSERTIONS = NO;
				ENABLE_STRICT_OBJC_MSGSEND = YES;
				GCC_C_LANGUAGE_STANDARD = gnu99;
				GCC_NO_COMMON_BLOCKS = YES;
				GCC_WARN_64_TO_32_BIT_CONVERSION = YES;
				GCC_WARN_ABOUT_RETURN_TYPE = YES_ERROR;
				GCC_WARN_UNDECLARED_SELECTOR = YES;
				GCC_WARN_UNINITIALIZED_AUTOS = YES_AGGRESSIVE;
				GCC_WARN_UNUSED_FUNCTION = YES;
				GCC_WARN_UNUSED_VARIABLE = YES;
				IPHONEOS_DEPLOYMENT_TARGET = 8.4;
				MTL_ENABLE_DEBUG_INFO = NO;
				SDKROOT = iphoneos;
				VALIDATE_PRODUCT = YES;
			};
			name = Release;
		};
		1FE076771D218143004BEDA3 /* Debug */ = {
			isa = XCBuildConfiguration;
			buildSettings = {
				ASSETCATALOG_COMPILER_APPICON_NAME = AppIcon;
				ASSETCATALOG_COMPILER_LAUNCHIMAGE_NAME = LaunchImage;
				INFOPLIST_FILE = fengkuangIOS1/Info.plist;
				LD_RUNPATH_SEARCH_PATHS = "$(inherited) @executable_path/Frameworks";
				PRODUCT_NAME = "$(TARGET_NAME)";
			};
			name = Debug;
		};
		1FE076781D218143004BEDA3 /* Release */ = {
			isa = XCBuildConfiguration;
			buildSettings = {
				ASSETCATALOG_COMPILER_APPICON_NAME = AppIcon;
				ASSETCATALOG_COMPILER_LAUNCHIMAGE_NAME = LaunchImage;
				INFOPLIST_FILE = fengkuangIOS1/Info.plist;
				LD_RUNPATH_SEARCH_PATHS = "$(inherited) @executable_path/Frameworks";
				PRODUCT_NAME = "$(TARGET_NAME)";
			};
			name = Release;
		};
		1FE0767A1D218143004BEDA3 /* Debug */ = {
			isa = XCBuildConfiguration;
			buildSettings = {
				BUNDLE_LOADER = "$(TEST_HOST)";
				FRAMEWORK_SEARCH_PATHS = (
					"$(SDKROOT)/Developer/Library/Frameworks",
					"$(inherited)",
				);
				GCC_PREPROCESSOR_DEFINITIONS = (
					"DEBUG=1",
					"$(inherited)",
				);
				INFOPLIST_FILE = fengkuangIOS1Tests/Info.plist;
				LD_RUNPATH_SEARCH_PATHS = "$(inherited) @executable_path/Frameworks @loader_path/Frameworks";
				PRODUCT_NAME = "$(TARGET_NAME)";
				TEST_HOST = "$(BUILT_PRODUCTS_DIR)/fengkuangIOS1.app/fengkuangIOS1";
			};
			name = Debug;
		};
		1FE0767B1D218143004BEDA3 /* Release */ = {
			isa = XCBuildConfiguration;
			buildSettings = {
				BUNDLE_LOADER = "$(TEST_HOST)";
				FRAMEWORK_SEARCH_PATHS = (
					"$(SDKROOT)/Developer/Library/Frameworks",
					"$(inherited)",
				);
				INFOPLIST_FILE = fengkuangIOS1Tests/Info.plist;
				LD_RUNPATH_SEARCH_PATHS = "$(inherited) @executable_path/Frameworks @loader_path/Frameworks";
				PRODUCT_NAME = "$(TARGET_NAME)";
				TEST_HOST = "$(BUILT_PRODUCTS_DIR)/fengkuangIOS1.app/fengkuangIOS1";
			};
			name = Release;
		};
/* End XCBuildConfiguration section */

/* Begin XCConfigurationList section */
		1FE0764B1D218143004BEDA3 /* Build configuration list for PBXProject "fengkuangIOS1" */ = {
			isa = XCConfigurationList;
			buildConfigurations = (
				1FE076741D218143004BEDA3 /* Debug */,
				1FE076751D218143004BEDA3 /* Release */,
			);
			defaultConfigurationIsVisible = 0;
			defaultConfigurationName = Release;
		};
		1FE076761D218143004BEDA3 /* Build configuration list for PBXNativeTarget "fengkuangIOS1" */ = {
			isa = XCConfigurationList;
			buildConfigurations = (
				1FE076771D218143004BEDA3 /* Debug */,
				1FE076781D218143004BEDA3 /* Release */,
			);
			defaultConfigurationIsVisible = 0;
			defaultConfigurationName = Release;
		};
		1FE076791D218143004BEDA3 /* Build configuration list for PBXNativeTarget "fengkuangIOS1Tests" */ = {
			isa = XCConfigurationList;
			buildConfigurations = (
				1FE0767A1D218143004BEDA3 /* Debug */,
				1FE0767B1D218143004BEDA3 /* Release */,
			);
			defaultConfigurationIsVisible = 0;
			defaultConfigurationName = Release;
		};
/* End XCConfigurationList section */

/* Begin XCVersionGroup section */
		1FE0765A1D218143004BEDA3 /* fengkuangIOS1.xcdatamodeld */ = {
			isa = XCVersionGroup;
			children = (
				1FE0765B1D218143004BEDA3 /* fengkuangIOS1.xcdatamodel */,
			);
			currentVersion = 1FE0765B1D218143004BEDA3 /* fengkuangIOS1.xcdatamodel */;
			path = fengkuangIOS1.xcdatamodeld;
			sourceTree = "<group>";
			versionGroupType = wrapper.xcdatamodel;
		};
/* End XCVersionGroup section */
	};
	rootObject = 1FE076481D218143004BEDA3 /* Project object */;
}
