// !$*UTF8*$!
{
	archiveVersion = 1;
	classes = {
	};
	objectVersion = 46;
	objects = {

/* Begin PBXBuildFile section */
		1FEF4F1D1D254E500076155D /* main.m in Sources */ = {isa = PBXBuildFile; fileRef = 1FEF4F1C1D254E500076155D /* main.m */; };
		1FEF4F251D254E790076155D /* NSNumber+add.m in Sources */ = {isa = PBXBuildFile; fileRef = 1FEF4F241D254E790076155D /* NSNumber+add.m */; };
		1FEF4F2A1D2558270076155D /* Human.m in Sources */ = {isa = PBXBuildFile; fileRef = 1FEF4F281D2558270076155D /* Human.m */; };
		1FEF4F591D257D470076155D /* _Human.m in Sources */ = {isa = PBXBuildFile; fileRef = 1FEF4F581D257D470076155D /* _Human.m */; };
		1FEF4F5D1D25862C0076155D /* MyFactory.m in Sources */ = {isa = PBXBuildFile; fileRef = 1FEF4F5C1D25862C0076155D /* MyFactory.m */; };
/* End PBXBuildFile section */

/* Begin PBXCopyFilesBuildPhase section */
		1FEF4F171D254E500076155D /* CopyFiles */ = {
			isa = PBXCopyFilesBuildPhase;
			buildActionMask = 2147483647;
			dstPath = /usr/share/man/man1/;
			dstSubfolderSpec = 0;
			files = (
			);
			runOnlyForDeploymentPostprocessing = 1;
		};
/* End PBXCopyFilesBuildPhase section */

/* Begin PBXFileReference section */
		1FEF4F191D254E500076155D /* FromXcodeTest.m */ = {isa = PBXFileReference; explicitFileType = "compiled.mach-o.executable"; includeInIndex = 0; path = FromXcodeTest.m; sourceTree = BUILT_PRODUCTS_DIR; };
		1FEF4F1C1D254E500076155D /* main.m */ = {isa = PBXFileReference; lastKnownFileType = sourcecode.c.objc; path = main.m; sourceTree = "<group>"; };
		1FEF4F231D254E790076155D /* NSNumber+add.h */ = {isa = PBXFileReference; fileEncoding = 4; lastKnownFileType = sourcecode.c.h; path = "NSNumber+add.h"; sourceTree = "<group>"; };
		1FEF4F241D254E790076155D /* NSNumber+add.m */ = {isa = PBXFileReference; fileEncoding = 4; lastKnownFileType = sourcecode.c.objc; path = "NSNumber+add.m"; sourceTree = "<group>"; };
		1FEF4F271D2558270076155D /* Human.h */ = {isa = PBXFileReference; fileEncoding = 4; lastKnownFileType = sourcecode.c.h; path = Human.h; sourceTree = "<group>"; };
		1FEF4F281D2558270076155D /* Human.m */ = {isa = PBXFileReference; fileEncoding = 4; lastKnownFileType = sourcecode.c.objc; path = Human.m; sourceTree = "<group>"; };
		1FEF4F291D2558270076155D /* PrintSelf.h */ = {isa = PBXFileReference; fileEncoding = 4; lastKnownFileType = sourcecode.c.h; path = PrintSelf.h; sourceTree = "<group>"; };
		1FEF4F571D257CDC0076155D /* _Human.h */ = {isa = PBXFileReference; lastKnownFileType = sourcecode.c.h; path = _Human.h; sourceTree = "<group>"; };
		1FEF4F581D257D470076155D /* _Human.m */ = {isa = PBXFileReference; fileEncoding = 4; lastKnownFileType = sourcecode.c.objc; path = _Human.m; sourceTree = "<group>"; };
		1FEF4F5B1D25862C0076155D /* MyFactory.h */ = {isa = PBXFileReference; fileEncoding = 4; lastKnownFileType = sourcecode.c.h; path = MyFactory.h; sourceTree = "<group>"; };
		1FEF4F5C1D25862C0076155D /* MyFactory.m */ = {isa = PBXFileReference; fileEncoding = 4; lastKnownFileType = sourcecode.c.objc; path = MyFactory.m; sourceTree = "<group>"; };
/* End PBXFileReference section */

/* Begin PBXFrameworksBuildPhase section */
		1FEF4F161D254E500076155D /* Frameworks */ = {
			isa = PBXFrameworksBuildPhase;
			buildActionMask = 2147483647;
			files = (
			);
			runOnlyForDeploymentPostprocessing = 0;
		};
/* End PBXFrameworksBuildPhase section */

/* Begin PBXGroup section */
		1FEF4F101D254E500076155D = {
			isa = PBXGroup;
			children = (
				1FEF4F1B1D254E500076155D /* FromXcodeTest.m */,
				1FEF4F1A1D254E500076155D /* Products */,
			);
			sourceTree = "<group>";
		};
		1FEF4F1A1D254E500076155D /* Products */ = {
			isa = PBXGroup;
			children = (
				1FEF4F191D254E500076155D /* FromXcodeTest.m */,
			);
			name = Products;
			sourceTree = "<group>";
		};
		1FEF4F1B1D254E500076155D /* FromXcodeTest.m */ = {
			isa = PBXGroup;
			children = (
				1FEF4F5A1D2585F70076155D /* Factory */,
				1FEF4F261D2558130076155D /* protocolTest */,
				1FEF4F231D254E790076155D /* NSNumber+add.h */,
				1FEF4F241D254E790076155D /* NSNumber+add.m */,
				1FEF4F1C1D254E500076155D /* main.m */,
			);
			path = FromXcodeTest.m;
			sourceTree = "<group>";
		};
		1FEF4F261D2558130076155D /* protocolTest */ = {
			isa = PBXGroup;
			children = (
				1FEF4F271D2558270076155D /* Human.h */,
				1FEF4F281D2558270076155D /* Human.m */,
				1FEF4F291D2558270076155D /* PrintSelf.h */,
				1FEF4F571D257CDC0076155D /* _Human.h */,
				1FEF4F581D257D470076155D /* _Human.m */,
			);
			name = protocolTest;
			sourceTree = "<group>";
		};
		1FEF4F5A1D2585F70076155D /* Factory */ = {
			isa = PBXGroup;
			children = (
				1FEF4F5B1D25862C0076155D /* MyFactory.h */,
				1FEF4F5C1D25862C0076155D /* MyFactory.m */,
			);
			name = Factory;
			sourceTree = "<group>";
		};
/* End PBXGroup section */

/* Begin PBXNativeTarget section */
		1FEF4F181D254E500076155D /* FromXcodeTest.m */ = {
			isa = PBXNativeTarget;
			buildConfigurationList = 1FEF4F201D254E500076155D /* Build configuration list for PBXNativeTarget "FromXcodeTest.m" */;
			buildPhases = (
				1FEF4F151D254E500076155D /* Sources */,
				1FEF4F161D254E500076155D /* Frameworks */,
				1FEF4F171D254E500076155D /* CopyFiles */,
			);
			buildRules = (
			);
			dependencies = (
			);
			name = FromXcodeTest.m;
			productName = FromXcodeTest.m;
			productReference = 1FEF4F191D254E500076155D /* FromXcodeTest.m */;
			productType = "com.apple.product-type.tool";
		};
/* End PBXNativeTarget section */

/* Begin PBXProject section */
		1FEF4F111D254E500076155D /* Project object */ = {
			isa = PBXProject;
			attributes = {
				LastUpgradeCheck = 0640;
				ORGANIZATIONNAME = SBYZJ;
				TargetAttributes = {
					1FEF4F181D254E500076155D = {
						CreatedOnToolsVersion = 6.4;
					};
				};
			};
			buildConfigurationList = 1FEF4F141D254E500076155D /* Build configuration list for PBXProject "FromXcodeTest.m" */;
			compatibilityVersion = "Xcode 3.2";
			developmentRegion = English;
			hasScannedForEncodings = 0;
			knownRegions = (
				en,
			);
			mainGroup = 1FEF4F101D254E500076155D;
			productRefGroup = 1FEF4F1A1D254E500076155D /* Products */;
			projectDirPath = "";
			projectRoot = "";
			targets = (
				1FEF4F181D254E500076155D /* FromXcodeTest.m */,
			);
		};
/* End PBXProject section */

/* Begin PBXSourcesBuildPhase section */
		1FEF4F151D254E500076155D /* Sources */ = {
			isa = PBXSourcesBuildPhase;
			buildActionMask = 2147483647;
			files = (
				1FEF4F2A1D2558270076155D /* Human.m in Sources */,
				1FEF4F1D1D254E500076155D /* main.m in Sources */,
				1FEF4F251D254E790076155D /* NSNumber+add.m in Sources */,
				1FEF4F5D1D25862C0076155D /* MyFactory.m in Sources */,
				1FEF4F591D257D470076155D /* _Human.m in Sources */,
			);
			runOnlyForDeploymentPostprocessing = 0;
		};
/* End PBXSourcesBuildPhase section */

/* Begin XCBuildConfiguration section */
		1FEF4F1E1D254E500076155D /* Debug */ = {
			isa = XCBuildConfiguration;
			buildSettings = {
				ALWAYS_SEARCH_USER_PATHS = NO;
				CLANG_CXX_LANGUAGE_STANDARD = "gnu++0x";
				CLANG_CXX_LIBRARY = "libc++";
				CLANG_ENABLE_MODULES = YES;
				CLANG_ENABLE_OBJC_ARC = YES;
				CLANG_WARN_BOOL_CONVERSION = YES;
				CLANG_WARN_CONSTANT_CONVERSION = YES;
				CLANG_WARN_DIRECT_OBJC_ISA_USAGE = YES_ERROR;
				CLANG_WARN_EMPTY_BODY = YES;
				CLANG_WARN_ENUM_CONVERSION = YES;
				CLANG_WARN_INT_CONVERSION = YES;
				CLANG_WARN_OBJC_ROOT_CLASS = YES_ERROR;
				CLANG_WARN_UNREACHABLE_CODE = YES;
				CLANG_WARN__DUPLICATE_METHOD_MATCH = YES;
				COPY_PHASE_STRIP = NO;
				DEBUG_INFORMATION_FORMAT = dwarf;
				ENABLE_STRICT_OBJC_MSGSEND = YES;
				GCC_C_LANGUAGE_STANDARD = gnu99;
				GCC_DYNAMIC_NO_PIC = NO;
				GCC_NO_COMMON_BLOCKS = YES;
				GCC_OPTIMIZATION_LEVEL = 0;
				GCC_PREPROCESSOR_DEFINITIONS = (
					"DEBUG=1",
					"$(inherited)",
				);
				GCC_SYMBOLS_PRIVATE_EXTERN = NO;
				GCC_WARN_64_TO_32_BIT_CONVERSION = YES;
				GCC_WARN_ABOUT_RETURN_TYPE = YES_ERROR;
				GCC_WARN_UNDECLARED_SELECTOR = YES;
				GCC_WARN_UNINITIALIZED_AUTOS = YES_AGGRESSIVE;
				GCC_WARN_UNUSED_FUNCTION = YES;
				GCC_WARN_UNUSED_VARIABLE = YES;
				MACOSX_DEPLOYMENT_TARGET = 10.10;
				MTL_ENABLE_DEBUG_INFO = YES;
				ONLY_ACTIVE_ARCH = YES;
				SDKROOT = macosx;
			};
			name = Debug;
		};
		1FEF4F1F1D254E500076155D /* Release */ = {
			isa = XCBuildConfiguration;
			buildSettings = {
				ALWAYS_SEARCH_USER_PATHS = NO;
				CLANG_CXX_LANGUAGE_STANDARD = "gnu++0x";
				CLANG_CXX_LIBRARY = "libc++";
				CLANG_ENABLE_MODULES = YES;
				CLANG_ENABLE_OBJC_ARC = YES;
				CLANG_WARN_BOOL_CONVERSION = YES;
				CLANG_WARN_CONSTANT_CONVERSION = YES;
				CLANG_WARN_DIRECT_OBJC_ISA_USAGE = YES_ERROR;
				CLANG_WARN_EMPTY_BODY = YES;
				CLANG_WARN_ENUM_CONVERSION = YES;
				CLANG_WARN_INT_CONVERSION = YES;
				CLANG_WARN_OBJC_ROOT_CLASS = YES_ERROR;
				CLANG_WARN_UNREACHABLE_CODE = YES;
				CLANG_WARN__DUPLICATE_METHOD_MATCH = YES;
				COPY_PHASE_STRIP = NO;
				DEBUG_INFORMATION_FORMAT = "dwarf-with-dsym";
				ENABLE_NS_ASSERTIONS = NO;
				ENABLE_STRICT_OBJC_MSGSEND = YES;
				GCC_C_LANGUAGE_STANDARD = gnu99;
				GCC_NO_COMMON_BLOCKS = YES;
				GCC_WARN_64_TO_32_BIT_CONVERSION = YES;
				GCC_WARN_ABOUT_RETURN_TYPE = YES_ERROR;
				GCC_WARN_UNDECLARED_SELECTOR = YES;
				GCC_WARN_UNINITIALIZED_AUTOS = YES_AGGRESSIVE;
				GCC_WARN_UNUSED_FUNCTION = YES;
				GCC_WARN_UNUSED_VARIABLE = YES;
				MACOSX_DEPLOYMENT_TARGET = 10.10;
				MTL_ENABLE_DEBUG_INFO = NO;
				SDKROOT = macosx;
			};
			name = Release;
		};
		1FEF4F211D254E500076155D /* Debug */ = {
			isa = XCBuildConfiguration;
			buildSettings = {
				PRODUCT_NAME = "$(TARGET_NAME)";
			};
			name = Debug;
		};
		1FEF4F221D254E500076155D /* Release */ = {
			isa = XCBuildConfiguration;
			buildSettings = {
				PRODUCT_NAME = "$(TARGET_NAME)";
			};
			name = Release;
		};
/* End XCBuildConfiguration section */

/* Begin XCConfigurationList section */
		1FEF4F141D254E500076155D /* Build configuration list for PBXProject "FromXcodeTest.m" */ = {
			isa = XCConfigurationList;
			buildConfigurations = (
				1FEF4F1E1D254E500076155D /* Debug */,
				1FEF4F1F1D254E500076155D /* Release */,
			);
			defaultConfigurationIsVisible = 0;
			defaultConfigurationName = Release;
		};
		1FEF4F201D254E500076155D /* Build configuration list for PBXNativeTarget "FromXcodeTest.m" */ = {
			isa = XCConfigurationList;
			buildConfigurations = (
				1FEF4F211D254E500076155D /* Debug */,
				1FEF4F221D254E500076155D /* Release */,
			);
			defaultConfigurationIsVisible = 0;
			defaultConfigurationName = Release;
		};
/* End XCConfigurationList section */
	};
	rootObject = 1FEF4F111D254E500076155D /* Project object */;
}
